
Microsoft Visual Studio Solution File, Format Version 12.00
# Visual Studio 15
VisualStudioVersion = 15.0.28307.1022
MinimumVisualStudioVersion = 10.0.40219.1
Project("{FAE04EC0-301F-11D3-BF4B-00C04F79EFBC}") = "alarm clock", "alarm clock\alarm clock.csproj", "{C4363C87-635A-482E-94D2-1B175123F2CA}"
EndProject
Global
	GlobalSection(SolutionConfigurationPlatforms) = preSolution
		Debug|Any CPU = Debug|Any CPU
		Release|Any CPU = Release|Any CPU
	EndGlobalSection
	GlobalSection(ProjectConfigurationPlatforms) = postSolution
		{C4363C87-635A-482E-94D2-1B175123F2CA}.Debug|Any CPU.ActiveCfg = Debug|Any CPU
		{C4363C87-635A-482E-94D2-1B175123F2CA}.Debug|Any CPU.Build.0 = Debug|Any CPU
		{C4363C87-635A-482E-94D2-1B175123F2CA}.Release|Any CPU.ActiveCfg = Release|Any CPU
		{C4363C87-635A-482E-94D2-1B175123F2CA}.Release|Any CPU.Build.0 = Release|Any CPU
	EndGlobalSection
	GlobalSection(SolutionProperties) = preSolution
		HideSolutionNode = FALSE
	EndGlobalSection
	GlobalSection(ExtensibilityGlobals) = postSolution
		SolutionGuid = {940DD741-C49A-40F9-9A9F-2558E632DFB6}
	EndGlobalSection
EndGlobal
